{
  "requires": true,
  "lockfileVersion": 1,
  "dependencies": {
    "react-webcam": {
      "version": "5.2.3",
      "resolved": "https://registry.npmjs.org/react-webcam/-/react-webcam-5.2.3.tgz",
      "integrity": "sha512-7rBh4Veeumpy45ObkZCsG6zezaamkwK5Iqxc0AFhX2ZzWQZXZ+f61yJ1yIb9Y62U4d7KkfP/xEduBCRzzcN4Dw=="
    }
  }
}
